
Microsoft Visual Studio Solution File, Format Version 12.00
# Visual Studio Version 17
VisualStudioVersion = 17.3.32922.545
MinimumVisualStudioVersion = 10.0.40219.1
Project("{FAE04EC0-301F-11D3-BF4B-00C04F79EFBC}") = "SpeakingInBits", "SpeakingInBits\SpeakingInBits.csproj", "{BE130534-A267-4B02-9D8C-4DBD9EBD7857}"
EndProject
Global
	GlobalSection(SolutionConfigurationPlatforms) = preSolution
		Debug|Any CPU = Debug|Any CPU
		Release|Any CPU = Release|Any CPU
	EndGlobalSection
	GlobalSection(ProjectConfigurationPlatforms) = postSolution
		{BE130534-A267-4B02-9D8C-4DBD9EBD7857}.Debug|Any CPU.ActiveCfg = Debug|Any CPU
		{BE130534-A267-4B02-9D8C-4DBD9EBD7857}.Debug|Any CPU.Build.0 = Debug|Any CPU
		{BE130534-A267-4B02-9D8C-4DBD9EBD7857}.Release|Any CPU.ActiveCfg = Release|Any CPU
		{BE130534-A267-4B02-9D8C-4DBD9EBD7857}.Release|Any CPU.Build.0 = Release|Any CPU
	EndGlobalSection
	GlobalSection(SolutionProperties) = preSolution
		HideSolutionNode = FALSE
	EndGlobalSection
	GlobalSection(ExtensibilityGlobals) = postSolution
		SolutionGuid = {2C5E3EE1-8FCA-4B96-8488-A9C0092E64E1}
	EndGlobalSection
EndGlobal
